{
    "_readme": [
        "This file locks the dependencies of your project to a known state",
        "Read more about it at https://getcomposer.org/doc/01-basic-usage.md#installing-dependencies",
        "This file is @generated automatically"
    ],
    "content-hash": "73082aa909a3d6bf80d1163bf255d1c4",
    "packages": [
        {
            "name": "google/protobuf",
            "version": "v3.25.3",
            "source": {
                "type": "git",
                "url": "https://github.com/protocolbuffers/protobuf-php.git",
                "reference": "983a87f4f8798a90ca3a25b0f300b8fda38df643"
            },
            "dist": {
                "type": "zip",
                "url": "https://api.github.com/repos/protocolbuffers/protobuf-php/zipball/983a87f4f8798a90ca3a25b0f300b8fda38df643",
                "reference": "983a87f4f8798a90ca3a25b0f300b8fda38df643",
                "shasum": ""
            },
            "require": {
                "php": ">=7.0.0"
            },
            "require-dev": {
                "phpunit/phpunit": ">=5.0.0"
            },
            "suggest": {
                "ext-bcmath": "Need to support JSON deserialization"
            },
            "type": "library",
            "autoload": {
                "psr-4": {
                    "Google\\Protobuf\\": "src/Google/Protobuf",
                    "GPBMetadata\\Google\\Protobuf\\": "src/GPBMetadata/Google/Protobuf"
                }
            },
            "notification-url": "https://packagist.org/downloads/",
            "license": [
                "BSD-3-Clause"
            ],
            "description": "proto library for PHP",
            "homepage": "https://developers.google.com/protocol-buffers/",
            "keywords": [
                "proto"
            ],
            "support": {
                "source": "https://github.com/protocolbuffers/protobuf-php/tree/v3.25.3"
            },
            "time": "2024-02-15T21:11:49+00:00"
        },
        {
            "name": "open-telemetry/gen-otlp-protobuf",
            "version": "1.1.0",
            "source": {
                "type": "git",
                "url": "https://github.com/opentelemetry-php/gen-otlp-protobuf.git",
                "reference": "76e2a44357f8c3fdcabcb070ec8a59e52ae3e3c3"
            },
            "dist": {
                "type": "zip",
                "url": "https://api.github.com/repos/opentelemetry-php/gen-otlp-protobuf/zipball/76e2a44357f8c3fdcabcb070ec8a59e52ae3e3c3",
                "reference": "76e2a44357f8c3fdcabcb070ec8a59e52ae3e3c3",
                "shasum": ""
            },
            "require": {
                "google/protobuf": "^3.3.0",
                "php": "^7.4 || ^8.0"
            },
            "suggest": {
                "ext-protobuf": "For better performance, when dealing with the protobuf format"
            },
            "type": "library",
            "extra": {
                "branch-alias": {
                    "dev-main": "1.x-dev"
                }
            },
            "autoload": {
                "psr-4": {
                    "Opentelemetry\\Proto\\": "Opentelemetry/Proto/",
                    "GPBMetadata\\Opentelemetry\\": "GPBMetadata/Opentelemetry/"
                }
            },
            "notification-url": "https://packagist.org/downloads/",
            "license": [
                "Apache-2.0"
            ],
            "authors": [
                {
                    "name": "opentelemetry-php contributors",
                    "homepage": "https://github.com/open-telemetry/opentelemetry-php/graphs/contributors"
                }
            ],
            "description": "PHP protobuf files for communication with OpenTelemetry OTLP collectors/servers.",
            "keywords": [
                "Metrics",
                "apm",
                "gRPC",
                "logging",
                "opentelemetry",
                "otel",
                "otlp",
                "protobuf",
                "tracing"
            ],
            "support": {
                "chat": "https://app.slack.com/client/T08PSQ7BQ/C01NFPCV44V",
                "docs": "https://opentelemetry.io/docs/php",
                "issues": "https://github.com/open-telemetry/opentelemetry-php/issues",
                "source": "https://github.com/open-telemetry/opentelemetry-php"
            },
            "time": "2024-01-16T21:54:57+00:00"
        },
        {
            "name": "psr/log",
            "version": "3.0.0",
            "source": {
                "type": "git",
                "url": "https://github.com/php-fig/log.git",
                "reference": "fe5ea303b0887d5caefd3d431c3e61ad47037001"
            },
            "dist": {
                "type": "zip",
                "url": "https://api.github.com/repos/php-fig/log/zipball/fe5ea303b0887d5caefd3d431c3e61ad47037001",
                "reference": "fe5ea303b0887d5caefd3d431c3e61ad47037001",
                "shasum": ""
            },
            "require": {
                "php": ">=8.0.0"
            },
            "type": "library",
            "extra": {
                "branch-alias": {
                    "dev-master": "3.x-dev"
                }
            },
            "autoload": {
                "psr-4": {
                    "Psr\\Log\\": "src"
                }
            },
            "notification-url": "https://packagist.org/downloads/",
            "license": [
                "MIT"
            ],
            "authors": [
                {
                    "name": "PHP-FIG",
                    "homepage": "https://www.php-fig.org/"
                }
            ],
            "description": "Common interface for logging libraries",
            "homepage": "https://github.com/php-fig/log",
            "keywords": [
                "log",
                "psr",
                "psr-3"
            ],
            "support": {
                "source": "https://github.com/php-fig/log/tree/3.0.0"
            },
            "time": "2021-07-14T16:46:02+00:00"
        }
    ],
    "packages-dev": [],
    "aliases": [],
    "minimum-stability": "stable",
    "stability-flags": [],
    "prefer-stable": false,
    "prefer-lowest": false,
    "platform": {
        "php": ">=8.3"
    },
    "platform-dev": [],
    "plugin-api-version": "2.3.0"
}
